
Microsoft Visual Studio Solution File, Format Version 12.00
# Visual Studio Version 17
VisualStudioVersion = 17.10.34928.147
MinimumVisualStudioVersion = 10.0.40219.1
Project("{9A19103F-16F7-4668-BE54-9A1E7A4F7556}") = "HighSchoolSweethearts", "HighSchoolSweethearts.csproj", "{DE85C063-451E-4B6D-B40D-6C7F040F1426}"
EndProject
Global
	GlobalSection(SolutionConfigurationPlatforms) = preSolution
		Debug|Any CPU = Debug|Any CPU
		Release|Any CPU = Release|Any CPU
	EndGlobalSection
	GlobalSection(ProjectConfigurationPlatforms) = postSolution
		{DE85C063-451E-4B6D-B40D-6C7F040F1426}.Debug|Any CPU.ActiveCfg = Debug|Any CPU
		{DE85C063-451E-4B6D-B40D-6C7F040F1426}.Debug|Any CPU.Build.0 = Debug|Any CPU
		{DE85C063-451E-4B6D-B40D-6C7F040F1426}.Release|Any CPU.ActiveCfg = Release|Any CPU
		{DE85C063-451E-4B6D-B40D-6C7F040F1426}.Release|Any CPU.Build.0 = Release|Any CPU
	EndGlobalSection
	GlobalSection(SolutionProperties) = preSolution
		HideSolutionNode = FALSE
	EndGlobalSection
	GlobalSection(ExtensibilityGlobals) = postSolution
		SolutionGuid = {82CCBF81-9B35-40C4-9B97-0EEFEFABD8E1}
	EndGlobalSection
EndGlobal
