
Microsoft Visual Studio Solution File, Format Version 12.00
# Visual Studio Version 17
VisualStudioVersion = 17.10.34928.147
MinimumVisualStudioVersion = 10.0.40219.1
Project("{9A19103F-16F7-4668-BE54-9A1E7A4F7556}") = "HyperiaForex", "HyperiaForex.csproj", "{665C7974-9FF1-4276-A91E-44465476BA57}"
EndProject
Global
	GlobalSection(SolutionConfigurationPlatforms) = preSolution
		Debug|Any CPU = Debug|Any CPU
		Release|Any CPU = Release|Any CPU
	EndGlobalSection
	GlobalSection(ProjectConfigurationPlatforms) = postSolution
		{665C7974-9FF1-4276-A91E-44465476BA57}.Debug|Any CPU.ActiveCfg = Debug|Any CPU
		{665C7974-9FF1-4276-A91E-44465476BA57}.Debug|Any CPU.Build.0 = Debug|Any CPU
		{665C7974-9FF1-4276-A91E-44465476BA57}.Release|Any CPU.ActiveCfg = Release|Any CPU
		{665C7974-9FF1-4276-A91E-44465476BA57}.Release|Any CPU.Build.0 = Release|Any CPU
	EndGlobalSection
	GlobalSection(SolutionProperties) = preSolution
		HideSolutionNode = FALSE
	EndGlobalSection
	GlobalSection(ExtensibilityGlobals) = postSolution
		SolutionGuid = {42E33339-0301-4C87-8614-A21A58DEDE33}
	EndGlobalSection
EndGlobal
