
Microsoft Visual Studio Solution File, Format Version 12.00
# Visual Studio Version 17
VisualStudioVersion = 17.10.34928.147
MinimumVisualStudioVersion = 10.0.40219.1
Project("{9A19103F-16F7-4668-BE54-9A1E7A4F7556}") = "RedVsBlueDarwinStyle", "RedVsBlueDarwinStyle.csproj", "{940DA3C3-11FF-479C-9245-0B399135F3AB}"
EndProject
Global
	GlobalSection(SolutionConfigurationPlatforms) = preSolution
		Debug|Any CPU = Debug|Any CPU
		Release|Any CPU = Release|Any CPU
	EndGlobalSection
	GlobalSection(ProjectConfigurationPlatforms) = postSolution
		{940DA3C3-11FF-479C-9245-0B399135F3AB}.Debug|Any CPU.ActiveCfg = Debug|Any CPU
		{940DA3C3-11FF-479C-9245-0B399135F3AB}.Debug|Any CPU.Build.0 = Debug|Any CPU
		{940DA3C3-11FF-479C-9245-0B399135F3AB}.Release|Any CPU.ActiveCfg = Release|Any CPU
		{940DA3C3-11FF-479C-9245-0B399135F3AB}.Release|Any CPU.Build.0 = Release|Any CPU
	EndGlobalSection
	GlobalSection(SolutionProperties) = preSolution
		HideSolutionNode = FALSE
	EndGlobalSection
	GlobalSection(ExtensibilityGlobals) = postSolution
		SolutionGuid = {FB60636A-7373-4B9D-BCEB-CC20AAB868E0}
	EndGlobalSection
EndGlobal
