
Microsoft Visual Studio Solution File, Format Version 12.00
# Visual Studio Version 17
VisualStudioVersion = 17.10.34928.147
MinimumVisualStudioVersion = 10.0.40219.1
Project("{9A19103F-16F7-4668-BE54-9A1E7A4F7556}") = "TheWeatherInDeather", "TheWeatherInDeather.csproj", "{8A19EDCC-084E-4D04-A58E-77E1A97E1080}"
EndProject
Global
	GlobalSection(SolutionConfigurationPlatforms) = preSolution
		Debug|Any CPU = Debug|Any CPU
		Release|Any CPU = Release|Any CPU
	EndGlobalSection
	GlobalSection(ProjectConfigurationPlatforms) = postSolution
		{8A19EDCC-084E-4D04-A58E-77E1A97E1080}.Debug|Any CPU.ActiveCfg = Debug|Any CPU
		{8A19EDCC-084E-4D04-A58E-77E1A97E1080}.Debug|Any CPU.Build.0 = Debug|Any CPU
		{8A19EDCC-084E-4D04-A58E-77E1A97E1080}.Release|Any CPU.ActiveCfg = Release|Any CPU
		{8A19EDCC-084E-4D04-A58E-77E1A97E1080}.Release|Any CPU.Build.0 = Release|Any CPU
	EndGlobalSection
	GlobalSection(SolutionProperties) = preSolution
		HideSolutionNode = FALSE
	EndGlobalSection
	GlobalSection(ExtensibilityGlobals) = postSolution
		SolutionGuid = {756AFC61-5DD4-4889-8515-6D5DAE6C42EE}
	EndGlobalSection
EndGlobal
