
Microsoft Visual Studio Solution File, Format Version 12.00
# Visual Studio Version 17
VisualStudioVersion = 17.10.34928.147
MinimumVisualStudioVersion = 10.0.40219.1
Project("{9A19103F-16F7-4668-BE54-9A1E7A4F7556}") = "AuthenticationSystem", "AuthenticationSystem.csproj", "{72AE6183-D741-4EB7-802A-A382283F2FCC}"
EndProject
Global
	GlobalSection(SolutionConfigurationPlatforms) = preSolution
		Debug|Any CPU = Debug|Any CPU
		Release|Any CPU = Release|Any CPU
	EndGlobalSection
	GlobalSection(ProjectConfigurationPlatforms) = postSolution
		{72AE6183-D741-4EB7-802A-A382283F2FCC}.Debug|Any CPU.ActiveCfg = Debug|Any CPU
		{72AE6183-D741-4EB7-802A-A382283F2FCC}.Debug|Any CPU.Build.0 = Debug|Any CPU
		{72AE6183-D741-4EB7-802A-A382283F2FCC}.Release|Any CPU.ActiveCfg = Release|Any CPU
		{72AE6183-D741-4EB7-802A-A382283F2FCC}.Release|Any CPU.Build.0 = Release|Any CPU
	EndGlobalSection
	GlobalSection(SolutionProperties) = preSolution
		HideSolutionNode = FALSE
	EndGlobalSection
	GlobalSection(ExtensibilityGlobals) = postSolution
		SolutionGuid = {7E62CEC5-5369-4575-8616-987994DDA78C}
	EndGlobalSection
EndGlobal
