
Microsoft Visual Studio Solution File, Format Version 12.00
# Visual Studio Version 17
VisualStudioVersion = 17.10.34928.147
MinimumVisualStudioVersion = 10.0.40219.1
Project("{9A19103F-16F7-4668-BE54-9A1E7A4F7556}") = "RollTheDie", "RollTheDie.csproj", "{B11E7878-3EAE-4EA7-90EB-BC4C99D0042B}"
EndProject
Global
	GlobalSection(SolutionConfigurationPlatforms) = preSolution
		Debug|Any CPU = Debug|Any CPU
		Release|Any CPU = Release|Any CPU
	EndGlobalSection
	GlobalSection(ProjectConfigurationPlatforms) = postSolution
		{B11E7878-3EAE-4EA7-90EB-BC4C99D0042B}.Debug|Any CPU.ActiveCfg = Debug|Any CPU
		{B11E7878-3EAE-4EA7-90EB-BC4C99D0042B}.Debug|Any CPU.Build.0 = Debug|Any CPU
		{B11E7878-3EAE-4EA7-90EB-BC4C99D0042B}.Release|Any CPU.ActiveCfg = Release|Any CPU
		{B11E7878-3EAE-4EA7-90EB-BC4C99D0042B}.Release|Any CPU.Build.0 = Release|Any CPU
	EndGlobalSection
	GlobalSection(SolutionProperties) = preSolution
		HideSolutionNode = FALSE
	EndGlobalSection
	GlobalSection(ExtensibilityGlobals) = postSolution
		SolutionGuid = {A66E07FA-6B61-43EB-85C3-1A7D034775BF}
	EndGlobalSection
EndGlobal
