
Microsoft Visual Studio Solution File, Format Version 12.00
# Visual Studio Version 17
VisualStudioVersion = 17.10.34928.147
MinimumVisualStudioVersion = 10.0.40219.1
Project("{9A19103F-16F7-4668-BE54-9A1E7A4F7556}") = "WizardsAndWarriors", "WizardsAndWarriors.csproj", "{46C0E335-DF89-4D0C-ACDA-8B1D218D453B}"
EndProject
Global
	GlobalSection(SolutionConfigurationPlatforms) = preSolution
		Debug|Any CPU = Debug|Any CPU
		Release|Any CPU = Release|Any CPU
	EndGlobalSection
	GlobalSection(ProjectConfigurationPlatforms) = postSolution
		{46C0E335-DF89-4D0C-ACDA-8B1D218D453B}.Debug|Any CPU.ActiveCfg = Debug|Any CPU
		{46C0E335-DF89-4D0C-ACDA-8B1D218D453B}.Debug|Any CPU.Build.0 = Debug|Any CPU
		{46C0E335-DF89-4D0C-ACDA-8B1D218D453B}.Release|Any CPU.ActiveCfg = Release|Any CPU
		{46C0E335-DF89-4D0C-ACDA-8B1D218D453B}.Release|Any CPU.Build.0 = Release|Any CPU
	EndGlobalSection
	GlobalSection(SolutionProperties) = preSolution
		HideSolutionNode = FALSE
	EndGlobalSection
	GlobalSection(ExtensibilityGlobals) = postSolution
		SolutionGuid = {F8266E30-2EC9-4537-8937-4ECD252666F1}
	EndGlobalSection
EndGlobal
