
Microsoft Visual Studio Solution File, Format Version 12.00
# Visual Studio Version 17
VisualStudioVersion = 17.10.34928.147
MinimumVisualStudioVersion = 10.0.40219.1
Project("{9A19103F-16F7-4668-BE54-9A1E7A4F7556}") = "BuildingTelemetry", "BuildingTelemetry.csproj", "{3004F5C4-B5CA-4A11-A622-04FFFC761032}"
EndProject
Global
	GlobalSection(SolutionConfigurationPlatforms) = preSolution
		Debug|Any CPU = Debug|Any CPU
		Release|Any CPU = Release|Any CPU
	EndGlobalSection
	GlobalSection(ProjectConfigurationPlatforms) = postSolution
		{3004F5C4-B5CA-4A11-A622-04FFFC761032}.Debug|Any CPU.ActiveCfg = Debug|Any CPU
		{3004F5C4-B5CA-4A11-A622-04FFFC761032}.Debug|Any CPU.Build.0 = Debug|Any CPU
		{3004F5C4-B5CA-4A11-A622-04FFFC761032}.Release|Any CPU.ActiveCfg = Release|Any CPU
		{3004F5C4-B5CA-4A11-A622-04FFFC761032}.Release|Any CPU.Build.0 = Release|Any CPU
	EndGlobalSection
	GlobalSection(SolutionProperties) = preSolution
		HideSolutionNode = FALSE
	EndGlobalSection
	GlobalSection(ExtensibilityGlobals) = postSolution
		SolutionGuid = {4B6B272A-DFF5-4CCB-8758-5A01B18271DD}
	EndGlobalSection
EndGlobal
